
Microsoft Visual Studio Solution File, Format Version 12.00
# Visual Studio 15
VisualStudioVersion = 15.0.28307.106
MinimumVisualStudioVersion = 10.0.40219.1
Project("{9A19103F-16F7-4668-BE54-9A1E7A4F7556}") = "NeuralNetClassificationTest", "NeuralNetClassificationTest\NeuralNetClassificationTest.csproj", "{103C7D8A-7A69-415D-8AD6-84FEEC70EEA3}"
EndProject
Project("{9A19103F-16F7-4668-BE54-9A1E7A4F7556}") = "NeuralNetLIB", "..\..\NeuralNetLIB\NeuralNetLIB\NeuralNetLIB.csproj", "{9635179C-3790-4630-88BA-82BCEEFAA9D8}"
EndProject
Global
	GlobalSection(SolutionConfigurationPlatforms) = preSolution
		Debug|Any CPU = Debug|Any CPU
		Release|Any CPU = Release|Any CPU
	EndGlobalSection
	GlobalSection(ProjectConfigurationPlatforms) = postSolution
		{103C7D8A-7A69-415D-8AD6-84FEEC70EEA3}.Debug|Any CPU.ActiveCfg = Debug|Any CPU
		{103C7D8A-7A69-415D-8AD6-84FEEC70EEA3}.Debug|Any CPU.Build.0 = Debug|Any CPU
		{103C7D8A-7A69-415D-8AD6-84FEEC70EEA3}.Release|Any CPU.ActiveCfg = Release|Any CPU
		{103C7D8A-7A69-415D-8AD6-84FEEC70EEA3}.Release|Any CPU.Build.0 = Release|Any CPU
		{9635179C-3790-4630-88BA-82BCEEFAA9D8}.Debug|Any CPU.ActiveCfg = Debug|Any CPU
		{9635179C-3790-4630-88BA-82BCEEFAA9D8}.Debug|Any CPU.Build.0 = Debug|Any CPU
		{9635179C-3790-4630-88BA-82BCEEFAA9D8}.Release|Any CPU.ActiveCfg = Release|Any CPU
		{9635179C-3790-4630-88BA-82BCEEFAA9D8}.Release|Any CPU.Build.0 = Release|Any CPU
	EndGlobalSection
	GlobalSection(SolutionProperties) = preSolution
		HideSolutionNode = FALSE
	EndGlobalSection
	GlobalSection(ExtensibilityGlobals) = postSolution
		SolutionGuid = {E6C44B4E-9BC3-400C-854F-377867ED5764}
	EndGlobalSection
EndGlobal
