
Microsoft Visual Studio Solution File, Format Version 12.00
# Visual Studio 15
VisualStudioVersion = 15.0.28307.106
MinimumVisualStudioVersion = 10.0.40219.1
Project("{FAE04EC0-301F-11D3-BF4B-00C04F79EFBC}") = "NeuralNetSineGraphTest", "NeuralNetSineGraphTest\NeuralNetSineGraphTest.csproj", "{8DDBC1D2-25BE-4CA8-B69F-5EB3691641FB}"
EndProject
Project("{9A19103F-16F7-4668-BE54-9A1E7A4F7556}") = "NeuralNetLIB", "..\..\NeuralNetLIB\NeuralNetLIB\NeuralNetLIB.csproj", "{056D22F5-F9AE-431D-9B20-7243A50F8804}"
EndProject
Global
	GlobalSection(SolutionConfigurationPlatforms) = preSolution
		Debug|Any CPU = Debug|Any CPU
		Release|Any CPU = Release|Any CPU
	EndGlobalSection
	GlobalSection(ProjectConfigurationPlatforms) = postSolution
		{8DDBC1D2-25BE-4CA8-B69F-5EB3691641FB}.Debug|Any CPU.ActiveCfg = Debug|Any CPU
		{8DDBC1D2-25BE-4CA8-B69F-5EB3691641FB}.Debug|Any CPU.Build.0 = Debug|Any CPU
		{8DDBC1D2-25BE-4CA8-B69F-5EB3691641FB}.Release|Any CPU.ActiveCfg = Release|Any CPU
		{8DDBC1D2-25BE-4CA8-B69F-5EB3691641FB}.Release|Any CPU.Build.0 = Release|Any CPU
		{056D22F5-F9AE-431D-9B20-7243A50F8804}.Debug|Any CPU.ActiveCfg = Debug|Any CPU
		{056D22F5-F9AE-431D-9B20-7243A50F8804}.Debug|Any CPU.Build.0 = Debug|Any CPU
		{056D22F5-F9AE-431D-9B20-7243A50F8804}.Release|Any CPU.ActiveCfg = Release|Any CPU
		{056D22F5-F9AE-431D-9B20-7243A50F8804}.Release|Any CPU.Build.0 = Release|Any CPU
	EndGlobalSection
	GlobalSection(SolutionProperties) = preSolution
		HideSolutionNode = FALSE
	EndGlobalSection
	GlobalSection(ExtensibilityGlobals) = postSolution
		SolutionGuid = {67926A02-FC06-4A12-A476-4CB007E974B5}
	EndGlobalSection
EndGlobal
